
Microsoft Visual Studio Solution File, Format Version 12.00
# Visual Studio 15
VisualStudioVersion = 15.0.27703.2042
MinimumVisualStudioVersion = 10.0.40219.1
Project("{2150E333-8FDC-42A3-9474-1A3956D46DE8}") = "apis", "apis", "{1123D9FD-ACCC-4EF3-9A28-A5CFB138A982}"
EndProject
Project("{2150E333-8FDC-42A3-9474-1A3956D46DE8}") = "clients", "clients", "{507727BE-ACA8-4F4B-8705-EC69566B43DD}"
EndProject
Project("{2150E333-8FDC-42A3-9474-1A3956D46DE8}") = "hubX", "hubX", "{0FBFE858-6DDF-4279-9379-EA455BA442DC}"
EndProject
Project("{9A19103F-16F7-4668-BE54-9A1E7A4F7556}") = "admin-api", "services\admin-api\admin-api.csproj", "{BB10AF35-4547-4D6E-8579-94C8CFD09D50}"
EndProject
Project("{9A19103F-16F7-4668-BE54-9A1E7A4F7556}") = "buyer-api", "services\buyer-api\buyer-api.csproj", "{55D6F9DB-722F-4BA9-AA40-7AF9B370E41E}"
EndProject
Project("{9A19103F-16F7-4668-BE54-9A1E7A4F7556}") = "vendor-api", "services\vendor-api\vendor-api.csproj", "{6E0B17AC-1AA6-4C85-A9B0-FC75970C6E1F}"
EndProject
Project("{9A19103F-16F7-4668-BE54-9A1E7A4F7556}") = "Hubx.Net.Identity", "hubx\Hubx.Net.Identity\Hubx.Net.Identity.csproj", "{98E9D131-5F44-4DC8-9090-43B46D77849C}"
EndProject
Project("{9A19103F-16F7-4668-BE54-9A1E7A4F7556}") = "Client", "clients\Client\Client.csproj", "{7D8456D1-418C-4BED-8E41-8785CABB0D3F}"
EndProject
Project("{9A19103F-16F7-4668-BE54-9A1E7A4F7556}") = "ResourceOwnerClient", "clients\ResourceOwnerClient\ResourceOwnerClient.csproj", "{868D208B-C9E4-4E51-B70D-BC11B49698EA}"
EndProject
Project("{2150E333-8FDC-42A3-9474-1A3956D46DE8}") = "server", "server", "{2683927C-40E3-4A1E-9C11-97588F2F2FA4}"
EndProject
Project("{9A19103F-16F7-4668-BE54-9A1E7A4F7556}") = "IdentityServerAspNet", "servers\IdentityServerAspNet\IdentityServerAspNet.csproj", "{54C3B5B3-9EF6-4C25-857A-7865194ED827}"
EndProject
Project("{2150E333-8FDC-42A3-9474-1A3956D46DE8}") = "sites", "sites", "{792F24E2-64FB-4F86-8D79-4FD5CD3606F6}"
EndProject
Project("{9A19103F-16F7-4668-BE54-9A1E7A4F7556}") = "MvcClient", "sites\MvcClient\MvcClient.csproj", "{601B3D80-FED4-4469-B053-8CE598ED837E}"
EndProject
Project("{9A19103F-16F7-4668-BE54-9A1E7A4F7556}") = "JavaScriptClient", "JavaScriptService\JavaScriptClient.csproj", "{6015EBC4-2ACC-4C78-8804-FABFAD74B70B}"
EndProject
Project("{FAE04EC0-301F-11D3-BF4B-00C04F79EFBC}") = "IdentityAngularApp", "sites\IdentityAngularApp\IdentityAngularApp.csproj", "{40ADC083-529F-4421-938D-A6565427E357}"
EndProject
Global
	GlobalSection(SolutionConfigurationPlatforms) = preSolution
		Debug|Any CPU = Debug|Any CPU
		Release|Any CPU = Release|Any CPU
	EndGlobalSection
	GlobalSection(ProjectConfigurationPlatforms) = postSolution
		{BB10AF35-4547-4D6E-8579-94C8CFD09D50}.Debug|Any CPU.ActiveCfg = Debug|Any CPU
		{BB10AF35-4547-4D6E-8579-94C8CFD09D50}.Debug|Any CPU.Build.0 = Debug|Any CPU
		{BB10AF35-4547-4D6E-8579-94C8CFD09D50}.Release|Any CPU.ActiveCfg = Release|Any CPU
		{BB10AF35-4547-4D6E-8579-94C8CFD09D50}.Release|Any CPU.Build.0 = Release|Any CPU
		{55D6F9DB-722F-4BA9-AA40-7AF9B370E41E}.Debug|Any CPU.ActiveCfg = Debug|Any CPU
		{55D6F9DB-722F-4BA9-AA40-7AF9B370E41E}.Debug|Any CPU.Build.0 = Debug|Any CPU
		{55D6F9DB-722F-4BA9-AA40-7AF9B370E41E}.Release|Any CPU.ActiveCfg = Release|Any CPU
		{55D6F9DB-722F-4BA9-AA40-7AF9B370E41E}.Release|Any CPU.Build.0 = Release|Any CPU
		{6E0B17AC-1AA6-4C85-A9B0-FC75970C6E1F}.Debug|Any CPU.ActiveCfg = Debug|Any CPU
		{6E0B17AC-1AA6-4C85-A9B0-FC75970C6E1F}.Debug|Any CPU.Build.0 = Debug|Any CPU
		{6E0B17AC-1AA6-4C85-A9B0-FC75970C6E1F}.Release|Any CPU.ActiveCfg = Release|Any CPU
		{6E0B17AC-1AA6-4C85-A9B0-FC75970C6E1F}.Release|Any CPU.Build.0 = Release|Any CPU
		{98E9D131-5F44-4DC8-9090-43B46D77849C}.Debug|Any CPU.ActiveCfg = Debug|Any CPU
		{98E9D131-5F44-4DC8-9090-43B46D77849C}.Debug|Any CPU.Build.0 = Debug|Any CPU
		{98E9D131-5F44-4DC8-9090-43B46D77849C}.Release|Any CPU.ActiveCfg = Release|Any CPU
		{98E9D131-5F44-4DC8-9090-43B46D77849C}.Release|Any CPU.Build.0 = Release|Any CPU
		{7D8456D1-418C-4BED-8E41-8785CABB0D3F}.Debug|Any CPU.ActiveCfg = Debug|Any CPU
		{7D8456D1-418C-4BED-8E41-8785CABB0D3F}.Debug|Any CPU.Build.0 = Debug|Any CPU
		{7D8456D1-418C-4BED-8E41-8785CABB0D3F}.Release|Any CPU.ActiveCfg = Release|Any CPU
		{7D8456D1-418C-4BED-8E41-8785CABB0D3F}.Release|Any CPU.Build.0 = Release|Any CPU
		{868D208B-C9E4-4E51-B70D-BC11B49698EA}.Debug|Any CPU.ActiveCfg = Debug|Any CPU
		{868D208B-C9E4-4E51-B70D-BC11B49698EA}.Debug|Any CPU.Build.0 = Debug|Any CPU
		{868D208B-C9E4-4E51-B70D-BC11B49698EA}.Release|Any CPU.ActiveCfg = Release|Any CPU
		{868D208B-C9E4-4E51-B70D-BC11B49698EA}.Release|Any CPU.Build.0 = Release|Any CPU
		{54C3B5B3-9EF6-4C25-857A-7865194ED827}.Debug|Any CPU.ActiveCfg = Debug|Any CPU
		{54C3B5B3-9EF6-4C25-857A-7865194ED827}.Debug|Any CPU.Build.0 = Debug|Any CPU
		{54C3B5B3-9EF6-4C25-857A-7865194ED827}.Release|Any CPU.ActiveCfg = Release|Any CPU
		{54C3B5B3-9EF6-4C25-857A-7865194ED827}.Release|Any CPU.Build.0 = Release|Any CPU
		{601B3D80-FED4-4469-B053-8CE598ED837E}.Debug|Any CPU.ActiveCfg = Debug|Any CPU
		{601B3D80-FED4-4469-B053-8CE598ED837E}.Debug|Any CPU.Build.0 = Debug|Any CPU
		{601B3D80-FED4-4469-B053-8CE598ED837E}.Release|Any CPU.ActiveCfg = Release|Any CPU
		{601B3D80-FED4-4469-B053-8CE598ED837E}.Release|Any CPU.Build.0 = Release|Any CPU
		{6015EBC4-2ACC-4C78-8804-FABFAD74B70B}.Debug|Any CPU.ActiveCfg = Debug|Any CPU
		{6015EBC4-2ACC-4C78-8804-FABFAD74B70B}.Debug|Any CPU.Build.0 = Debug|Any CPU
		{6015EBC4-2ACC-4C78-8804-FABFAD74B70B}.Release|Any CPU.ActiveCfg = Release|Any CPU
		{6015EBC4-2ACC-4C78-8804-FABFAD74B70B}.Release|Any CPU.Build.0 = Release|Any CPU
		{40ADC083-529F-4421-938D-A6565427E357}.Debug|Any CPU.ActiveCfg = Debug|Any CPU
		{40ADC083-529F-4421-938D-A6565427E357}.Debug|Any CPU.Build.0 = Debug|Any CPU
		{40ADC083-529F-4421-938D-A6565427E357}.Release|Any CPU.ActiveCfg = Release|Any CPU
		{40ADC083-529F-4421-938D-A6565427E357}.Release|Any CPU.Build.0 = Release|Any CPU
	EndGlobalSection
	GlobalSection(SolutionProperties) = preSolution
		HideSolutionNode = FALSE
	EndGlobalSection
	GlobalSection(NestedProjects) = preSolution
		{BB10AF35-4547-4D6E-8579-94C8CFD09D50} = {1123D9FD-ACCC-4EF3-9A28-A5CFB138A982}
		{55D6F9DB-722F-4BA9-AA40-7AF9B370E41E} = {1123D9FD-ACCC-4EF3-9A28-A5CFB138A982}
		{6E0B17AC-1AA6-4C85-A9B0-FC75970C6E1F} = {1123D9FD-ACCC-4EF3-9A28-A5CFB138A982}
		{98E9D131-5F44-4DC8-9090-43B46D77849C} = {0FBFE858-6DDF-4279-9379-EA455BA442DC}
		{7D8456D1-418C-4BED-8E41-8785CABB0D3F} = {507727BE-ACA8-4F4B-8705-EC69566B43DD}
		{868D208B-C9E4-4E51-B70D-BC11B49698EA} = {507727BE-ACA8-4F4B-8705-EC69566B43DD}
		{54C3B5B3-9EF6-4C25-857A-7865194ED827} = {2683927C-40E3-4A1E-9C11-97588F2F2FA4}
		{601B3D80-FED4-4469-B053-8CE598ED837E} = {792F24E2-64FB-4F86-8D79-4FD5CD3606F6}
		{6015EBC4-2ACC-4C78-8804-FABFAD74B70B} = {792F24E2-64FB-4F86-8D79-4FD5CD3606F6}
		{40ADC083-529F-4421-938D-A6565427E357} = {792F24E2-64FB-4F86-8D79-4FD5CD3606F6}
	EndGlobalSection
	GlobalSection(ExtensibilityGlobals) = postSolution
		SolutionGuid = {9B7AAAF9-C3B6-4B7A-A051-7F8721CA2B57}
	EndGlobalSection
EndGlobal
